
Microsoft Visual Studio Solution File, Format Version 12.00
# Visual Studio Version 16
VisualStudioVersion = 16.0.30517.126
MinimumVisualStudioVersion = 10.0.40219.1
Project("{FAE04EC0-301F-11D3-BF4B-00C04F79EFBC}") = "WPF_Calculator", "WPF_Calculator\WPF_Calculator.csproj", "{BE0AB81D-DDA7-4207-8B91-81F9B10BDFA8}"
EndProject
Global
	GlobalSection(SolutionConfigurationPlatforms) = preSolution
		Debug|Any CPU = Debug|Any CPU
		Release|Any CPU = Release|Any CPU
	EndGlobalSection
	GlobalSection(ProjectConfigurationPlatforms) = postSolution
		{BE0AB81D-DDA7-4207-8B91-81F9B10BDFA8}.Debug|Any CPU.ActiveCfg = Debug|Any CPU
		{BE0AB81D-DDA7-4207-8B91-81F9B10BDFA8}.Debug|Any CPU.Build.0 = Debug|Any CPU
		{BE0AB81D-DDA7-4207-8B91-81F9B10BDFA8}.Release|Any CPU.ActiveCfg = Release|Any CPU
		{BE0AB81D-DDA7-4207-8B91-81F9B10BDFA8}.Release|Any CPU.Build.0 = Release|Any CPU
	EndGlobalSection
	GlobalSection(SolutionProperties) = preSolution
		HideSolutionNode = FALSE
	EndGlobalSection
	GlobalSection(ExtensibilityGlobals) = postSolution
		SolutionGuid = {947C054C-AB04-40BB-9A64-C282B99A8674}
	EndGlobalSection
EndGlobal
